
Microsoft Visual Studio Solution File, Format Version 12.00
# Visual Studio Version 17
VisualStudioVersion = 17.5.002.0
MinimumVisualStudioVersion = 10.0.40219.1
Project("{9A19103F-16F7-4668-BE54-9A1E7A4F7556}") = "Desafio_SistemaDeCelular", "Desafio_SistemaDeCelular.csproj", "{E381EA4A-DF91-4BFA-BACC-FE6CAAE5EAE3}"
EndProject
Global
	GlobalSection(SolutionConfigurationPlatforms) = preSolution
		Debug|Any CPU = Debug|Any CPU
		Release|Any CPU = Release|Any CPU
	EndGlobalSection
	GlobalSection(ProjectConfigurationPlatforms) = postSolution
		{E381EA4A-DF91-4BFA-BACC-FE6CAAE5EAE3}.Debug|Any CPU.ActiveCfg = Debug|Any CPU
		{E381EA4A-DF91-4BFA-BACC-FE6CAAE5EAE3}.Debug|Any CPU.Build.0 = Debug|Any CPU
		{E381EA4A-DF91-4BFA-BACC-FE6CAAE5EAE3}.Release|Any CPU.ActiveCfg = Release|Any CPU
		{E381EA4A-DF91-4BFA-BACC-FE6CAAE5EAE3}.Release|Any CPU.Build.0 = Release|Any CPU
	EndGlobalSection
	GlobalSection(SolutionProperties) = preSolution
		HideSolutionNode = FALSE
	EndGlobalSection
	GlobalSection(ExtensibilityGlobals) = postSolution
		SolutionGuid = {98F7308C-7D66-4613-8D3E-B863AF6FB2BA}
	EndGlobalSection
EndGlobal
